
Microsoft Visual Studio Solution File, Format Version 12.00
# Visual Studio 15
VisualStudioVersion = 15.0.27130.2036
MinimumVisualStudioVersion = 10.0.40219.1
Project("{FAE04EC0-301F-11D3-BF4B-00C04F79EFBC}") = "chapter1-1", "chapter1-1\chapter1-1.csproj", "{B064B303-562B-4867-ABA4-F27D850C958B}"
EndProject
Project("{FAE04EC0-301F-11D3-BF4B-00C04F79EFBC}") = "chapter1-2", "chapter1-2\chapter1-2.csproj", "{32F9222B-B8A4-4318-BB41-1130979539A2}"
EndProject
Global
	GlobalSection(SolutionConfigurationPlatforms) = preSolution
		Debug|Any CPU = Debug|Any CPU
		Release|Any CPU = Release|Any CPU
	EndGlobalSection
	GlobalSection(ProjectConfigurationPlatforms) = postSolution
		{B064B303-562B-4867-ABA4-F27D850C958B}.Debug|Any CPU.ActiveCfg = Debug|Any CPU
		{B064B303-562B-4867-ABA4-F27D850C958B}.Debug|Any CPU.Build.0 = Debug|Any CPU
		{B064B303-562B-4867-ABA4-F27D850C958B}.Release|Any CPU.ActiveCfg = Release|Any CPU
		{B064B303-562B-4867-ABA4-F27D850C958B}.Release|Any CPU.Build.0 = Release|Any CPU
		{32F9222B-B8A4-4318-BB41-1130979539A2}.Debug|Any CPU.ActiveCfg = Debug|Any CPU
		{32F9222B-B8A4-4318-BB41-1130979539A2}.Debug|Any CPU.Build.0 = Debug|Any CPU
		{32F9222B-B8A4-4318-BB41-1130979539A2}.Release|Any CPU.ActiveCfg = Release|Any CPU
		{32F9222B-B8A4-4318-BB41-1130979539A2}.Release|Any CPU.Build.0 = Release|Any CPU
	EndGlobalSection
	GlobalSection(SolutionProperties) = preSolution
		HideSolutionNode = FALSE
	EndGlobalSection
	GlobalSection(ExtensibilityGlobals) = postSolution
		SolutionGuid = {C3E2BCB6-8D5E-4602-BF7F-1ADB3534E9B6}
	EndGlobalSection
EndGlobal
