
Microsoft Visual Studio Solution File, Format Version 12.00
# Visual Studio 15
VisualStudioVersion = 15.0.27130.2036
MinimumVisualStudioVersion = 10.0.40219.1
Project("{FAE04EC0-301F-11D3-BF4B-00C04F79EFBC}") = "ConsoleApp1", "ConsoleApp1\ConsoleApp1.csproj", "{32144A08-EA89-4302-A115-9DF779E8B342}"
EndProject
Project("{FAE04EC0-301F-11D3-BF4B-00C04F79EFBC}") = "ConsoleApp2", "ConsoleApp2\ConsoleApp2.csproj", "{940D2EB7-394F-4FD3-845C-E4CC60A482DA}"
EndProject
Project("{FAE04EC0-301F-11D3-BF4B-00C04F79EFBC}") = "List1", "List1\List1.csproj", "{0E0B6A33-109F-4199-A466-7CD05F8A2B6B}"
EndProject
Project("{FAE04EC0-301F-11D3-BF4B-00C04F79EFBC}") = "List2", "List2\List2.csproj", "{2933B963-E96A-4759-9EBB-D8D1B46154EF}"
EndProject
Project("{FAE04EC0-301F-11D3-BF4B-00C04F79EFBC}") = "List2_Imp1", "List2_Imp1\List2_Imp1.csproj", "{305D2F0A-5B35-46FC-8744-FF75CF0E644C}"
EndProject
Project("{FAE04EC0-301F-11D3-BF4B-00C04F79EFBC}") = "List2_Imp2", "List2_Imp2\List2_Imp2.csproj", "{C0C223B1-F9EA-4029-9CE8-586509669DAA}"
EndProject
Project("{FAE04EC0-301F-11D3-BF4B-00C04F79EFBC}") = "List3", "List3\List3.csproj", "{B492038D-24BA-40D4-A8E4-9B9C841FF444}"
EndProject
Project("{FAE04EC0-301F-11D3-BF4B-00C04F79EFBC}") = "List4", "List4\List4.csproj", "{0FBB70A3-C40B-4FAF-AF6E-01794B55720A}"
EndProject
Project("{FAE04EC0-301F-11D3-BF4B-00C04F79EFBC}") = "List4_Imp1", "List4_Imp1\List4_Imp1.csproj", "{8BF6490E-F049-4523-9E3D-9BB90D414623}"
EndProject
Project("{FAE04EC0-301F-11D3-BF4B-00C04F79EFBC}") = "List5", "List5\List5.csproj", "{D0631FF6-53DA-4B03-86AB-36E26747DF30}"
EndProject
Project("{FAE04EC0-301F-11D3-BF4B-00C04F79EFBC}") = "List6", "List6\List6.csproj", "{AB7C7EFA-DEED-45A3-BB1F-7ACF97A9DDDE}"
EndProject
Project("{FAE04EC0-301F-11D3-BF4B-00C04F79EFBC}") = "List7", "List7\List7.csproj", "{521772CF-BABD-4F55-BEF9-49BE22D72326}"
EndProject
Project("{FAE04EC0-301F-11D3-BF4B-00C04F79EFBC}") = "List8", "List8\List8.csproj", "{2EF6FDE9-91C2-46D2-AC13-C7CED06D7C60}"
EndProject
Project("{FAE04EC0-301F-11D3-BF4B-00C04F79EFBC}") = "List3_1", "List3_1\List3_1.csproj", "{D0E7F1D1-5E59-4D3E-B6A6-5D06DF9CFBAA}"
EndProject
Project("{FAE04EC0-301F-11D3-BF4B-00C04F79EFBC}") = "List9", "List9\List9.csproj", "{B53F6B8E-81B9-41BF-909C-1EAD2D2F57F3}"
EndProject
Project("{FAE04EC0-301F-11D3-BF4B-00C04F79EFBC}") = "List9_Imp1", "List9_Imp1\List9_Imp1.csproj", "{F3B02609-D289-4F05-95E4-514F8D0C534A}"
EndProject
Global
	GlobalSection(SolutionConfigurationPlatforms) = preSolution
		Debug|Any CPU = Debug|Any CPU
		Release|Any CPU = Release|Any CPU
	EndGlobalSection
	GlobalSection(ProjectConfigurationPlatforms) = postSolution
		{32144A08-EA89-4302-A115-9DF779E8B342}.Debug|Any CPU.ActiveCfg = Debug|Any CPU
		{32144A08-EA89-4302-A115-9DF779E8B342}.Debug|Any CPU.Build.0 = Debug|Any CPU
		{32144A08-EA89-4302-A115-9DF779E8B342}.Release|Any CPU.ActiveCfg = Release|Any CPU
		{32144A08-EA89-4302-A115-9DF779E8B342}.Release|Any CPU.Build.0 = Release|Any CPU
		{940D2EB7-394F-4FD3-845C-E4CC60A482DA}.Debug|Any CPU.ActiveCfg = Debug|Any CPU
		{940D2EB7-394F-4FD3-845C-E4CC60A482DA}.Debug|Any CPU.Build.0 = Debug|Any CPU
		{940D2EB7-394F-4FD3-845C-E4CC60A482DA}.Release|Any CPU.ActiveCfg = Release|Any CPU
		{940D2EB7-394F-4FD3-845C-E4CC60A482DA}.Release|Any CPU.Build.0 = Release|Any CPU
		{0E0B6A33-109F-4199-A466-7CD05F8A2B6B}.Debug|Any CPU.ActiveCfg = Debug|Any CPU
		{0E0B6A33-109F-4199-A466-7CD05F8A2B6B}.Debug|Any CPU.Build.0 = Debug|Any CPU
		{0E0B6A33-109F-4199-A466-7CD05F8A2B6B}.Release|Any CPU.ActiveCfg = Release|Any CPU
		{0E0B6A33-109F-4199-A466-7CD05F8A2B6B}.Release|Any CPU.Build.0 = Release|Any CPU
		{2933B963-E96A-4759-9EBB-D8D1B46154EF}.Debug|Any CPU.ActiveCfg = Debug|Any CPU
		{2933B963-E96A-4759-9EBB-D8D1B46154EF}.Debug|Any CPU.Build.0 = Debug|Any CPU
		{2933B963-E96A-4759-9EBB-D8D1B46154EF}.Release|Any CPU.ActiveCfg = Release|Any CPU
		{2933B963-E96A-4759-9EBB-D8D1B46154EF}.Release|Any CPU.Build.0 = Release|Any CPU
		{305D2F0A-5B35-46FC-8744-FF75CF0E644C}.Debug|Any CPU.ActiveCfg = Debug|Any CPU
		{305D2F0A-5B35-46FC-8744-FF75CF0E644C}.Debug|Any CPU.Build.0 = Debug|Any CPU
		{305D2F0A-5B35-46FC-8744-FF75CF0E644C}.Release|Any CPU.ActiveCfg = Release|Any CPU
		{305D2F0A-5B35-46FC-8744-FF75CF0E644C}.Release|Any CPU.Build.0 = Release|Any CPU
		{C0C223B1-F9EA-4029-9CE8-586509669DAA}.Debug|Any CPU.ActiveCfg = Debug|Any CPU
		{C0C223B1-F9EA-4029-9CE8-586509669DAA}.Debug|Any CPU.Build.0 = Debug|Any CPU
		{C0C223B1-F9EA-4029-9CE8-586509669DAA}.Release|Any CPU.ActiveCfg = Release|Any CPU
		{C0C223B1-F9EA-4029-9CE8-586509669DAA}.Release|Any CPU.Build.0 = Release|Any CPU
		{B492038D-24BA-40D4-A8E4-9B9C841FF444}.Debug|Any CPU.ActiveCfg = Debug|Any CPU
		{B492038D-24BA-40D4-A8E4-9B9C841FF444}.Debug|Any CPU.Build.0 = Debug|Any CPU
		{B492038D-24BA-40D4-A8E4-9B9C841FF444}.Release|Any CPU.ActiveCfg = Release|Any CPU
		{B492038D-24BA-40D4-A8E4-9B9C841FF444}.Release|Any CPU.Build.0 = Release|Any CPU
		{0FBB70A3-C40B-4FAF-AF6E-01794B55720A}.Debug|Any CPU.ActiveCfg = Debug|Any CPU
		{0FBB70A3-C40B-4FAF-AF6E-01794B55720A}.Debug|Any CPU.Build.0 = Debug|Any CPU
		{0FBB70A3-C40B-4FAF-AF6E-01794B55720A}.Release|Any CPU.ActiveCfg = Release|Any CPU
		{0FBB70A3-C40B-4FAF-AF6E-01794B55720A}.Release|Any CPU.Build.0 = Release|Any CPU
		{8BF6490E-F049-4523-9E3D-9BB90D414623}.Debug|Any CPU.ActiveCfg = Debug|Any CPU
		{8BF6490E-F049-4523-9E3D-9BB90D414623}.Debug|Any CPU.Build.0 = Debug|Any CPU
		{8BF6490E-F049-4523-9E3D-9BB90D414623}.Release|Any CPU.ActiveCfg = Release|Any CPU
		{8BF6490E-F049-4523-9E3D-9BB90D414623}.Release|Any CPU.Build.0 = Release|Any CPU
		{D0631FF6-53DA-4B03-86AB-36E26747DF30}.Debug|Any CPU.ActiveCfg = Debug|Any CPU
		{D0631FF6-53DA-4B03-86AB-36E26747DF30}.Debug|Any CPU.Build.0 = Debug|Any CPU
		{D0631FF6-53DA-4B03-86AB-36E26747DF30}.Release|Any CPU.ActiveCfg = Release|Any CPU
		{D0631FF6-53DA-4B03-86AB-36E26747DF30}.Release|Any CPU.Build.0 = Release|Any CPU
		{AB7C7EFA-DEED-45A3-BB1F-7ACF97A9DDDE}.Debug|Any CPU.ActiveCfg = Debug|Any CPU
		{AB7C7EFA-DEED-45A3-BB1F-7ACF97A9DDDE}.Debug|Any CPU.Build.0 = Debug|Any CPU
		{AB7C7EFA-DEED-45A3-BB1F-7ACF97A9DDDE}.Release|Any CPU.ActiveCfg = Release|Any CPU
		{AB7C7EFA-DEED-45A3-BB1F-7ACF97A9DDDE}.Release|Any CPU.Build.0 = Release|Any CPU
		{521772CF-BABD-4F55-BEF9-49BE22D72326}.Debug|Any CPU.ActiveCfg = Debug|Any CPU
		{521772CF-BABD-4F55-BEF9-49BE22D72326}.Debug|Any CPU.Build.0 = Debug|Any CPU
		{521772CF-BABD-4F55-BEF9-49BE22D72326}.Release|Any CPU.ActiveCfg = Release|Any CPU
		{521772CF-BABD-4F55-BEF9-49BE22D72326}.Release|Any CPU.Build.0 = Release|Any CPU
		{2EF6FDE9-91C2-46D2-AC13-C7CED06D7C60}.Debug|Any CPU.ActiveCfg = Debug|Any CPU
		{2EF6FDE9-91C2-46D2-AC13-C7CED06D7C60}.Debug|Any CPU.Build.0 = Debug|Any CPU
		{2EF6FDE9-91C2-46D2-AC13-C7CED06D7C60}.Release|Any CPU.ActiveCfg = Release|Any CPU
		{2EF6FDE9-91C2-46D2-AC13-C7CED06D7C60}.Release|Any CPU.Build.0 = Release|Any CPU
		{D0E7F1D1-5E59-4D3E-B6A6-5D06DF9CFBAA}.Debug|Any CPU.ActiveCfg = Debug|Any CPU
		{D0E7F1D1-5E59-4D3E-B6A6-5D06DF9CFBAA}.Debug|Any CPU.Build.0 = Debug|Any CPU
		{D0E7F1D1-5E59-4D3E-B6A6-5D06DF9CFBAA}.Release|Any CPU.ActiveCfg = Release|Any CPU
		{D0E7F1D1-5E59-4D3E-B6A6-5D06DF9CFBAA}.Release|Any CPU.Build.0 = Release|Any CPU
		{B53F6B8E-81B9-41BF-909C-1EAD2D2F57F3}.Debug|Any CPU.ActiveCfg = Debug|Any CPU
		{B53F6B8E-81B9-41BF-909C-1EAD2D2F57F3}.Debug|Any CPU.Build.0 = Debug|Any CPU
		{B53F6B8E-81B9-41BF-909C-1EAD2D2F57F3}.Release|Any CPU.ActiveCfg = Release|Any CPU
		{B53F6B8E-81B9-41BF-909C-1EAD2D2F57F3}.Release|Any CPU.Build.0 = Release|Any CPU
		{F3B02609-D289-4F05-95E4-514F8D0C534A}.Debug|Any CPU.ActiveCfg = Debug|Any CPU
		{F3B02609-D289-4F05-95E4-514F8D0C534A}.Debug|Any CPU.Build.0 = Debug|Any CPU
		{F3B02609-D289-4F05-95E4-514F8D0C534A}.Release|Any CPU.ActiveCfg = Release|Any CPU
		{F3B02609-D289-4F05-95E4-514F8D0C534A}.Release|Any CPU.Build.0 = Release|Any CPU
	EndGlobalSection
	GlobalSection(SolutionProperties) = preSolution
		HideSolutionNode = FALSE
	EndGlobalSection
	GlobalSection(ExtensibilityGlobals) = postSolution
		SolutionGuid = {A75E8160-D6D9-4A69-B315-DB77F00CD528}
	EndGlobalSection
EndGlobal
